// !$*UTF8*$!
{
	archiveVersion = 1;
	classes = {
	};
	objectVersion = 50;
	objects = {

/* Begin PBXBuildFile section */
		8441F8A32500858B00B4A2A0 /* AppDelegate.swift in Sources */ = {isa = PBXBuildFile; fileRef = 8441F8A22500858B00B4A2A0 /* AppDelegate.swift */; };
		8441F8A72500858B00B4A2A0 /* ViewController.swift in Sources */ = {isa = PBXBuildFile; fileRef = 8441F8A62500858B00B4A2A0 /* ViewController.swift */; };
		8441F8AA2500858B00B4A2A0 /* Main.storyboard in Resources */ = {isa = PBXBuildFile; fileRef = 8441F8A82500858B00B4A2A0 /* Main.storyboard */; };
		8441F8AC2500858F00B4A2A0 /* Assets.xcassets in Resources */ = {isa = PBXBuildFile; fileRef = 8441F8AB2500858F00B4A2A0 /* Assets.xcassets */; };
		8441F8AF2500858F00B4A2A0 /* LaunchScreen.storyboard in Resources */ = {isa = PBXBuildFile; fileRef = 8441F8AD2500858F00B4A2A0 /* LaunchScreen.storyboard */; };
		847F6AD1250234F1001C7944 /* WeatherInfoRequest.swift in Sources */ = {isa = PBXBuildFile; fileRef = 847F6ACE250234F1001C7944 /* WeatherInfoRequest.swift */; };
		847F6AD2250234F1001C7944 /* APIService.swift in Sources */ = {isa = PBXBuildFile; fileRef = 847F6AD0250234F1001C7944 /* APIService.swift */; };
		847F6ADC25023501001C7944 /* FeelsLike.swift in Sources */ = {isa = PBXBuildFile; fileRef = 847F6AD425023501001C7944 /* FeelsLike.swift */; };
		847F6ADD25023501001C7944 /* Location.swift in Sources */ = {isa = PBXBuildFile; fileRef = 847F6AD525023501001C7944 /* Location.swift */; };
		847F6ADE25023501001C7944 /* Description.swift in Sources */ = {isa = PBXBuildFile; fileRef = 847F6AD625023501001C7944 /* Description.swift */; };
		847F6ADF25023501001C7944 /* Temp.swift in Sources */ = {isa = PBXBuildFile; fileRef = 847F6AD725023501001C7944 /* Temp.swift */; };
		847F6AE025023501001C7944 /* Daily.swift in Sources */ = {isa = PBXBuildFile; fileRef = 847F6AD825023501001C7944 /* Daily.swift */; };
		847F6AE125023501001C7944 /* Weather.swift in Sources */ = {isa = PBXBuildFile; fileRef = 847F6AD925023501001C7944 /* Weather.swift */; };
		847F6AE225023501001C7944 /* Current.swift in Sources */ = {isa = PBXBuildFile; fileRef = 847F6ADA25023501001C7944 /* Current.swift */; };
		847F6AE325023501001C7944 /* Hourly.swift in Sources */ = {isa = PBXBuildFile; fileRef = 847F6ADB25023501001C7944 /* Hourly.swift */; };
		847F6AE825023537001C7944 /* TemparatureConverter.swift in Sources */ = {isa = PBXBuildFile; fileRef = 847F6AE625023537001C7944 /* TemparatureConverter.swift */; };
		847F6AEA25023568001C7944 /* LocationHelper.swift in Sources */ = {isa = PBXBuildFile; fileRef = 847F6AE925023568001C7944 /* LocationHelper.swift */; };
		847F6AEE25023FD1001C7944 /* Constant.swift in Sources */ = {isa = PBXBuildFile; fileRef = 847F6AED25023FD1001C7944 /* Constant.swift */; };
		847F6AF0250249AA001C7944 /* APIPath.swift in Sources */ = {isa = PBXBuildFile; fileRef = 847F6AEF250249AA001C7944 /* APIPath.swift */; };
		847F6AF22502504F001C7944 /* APIParamKeys.swift in Sources */ = {isa = PBXBuildFile; fileRef = 847F6AF12502504F001C7944 /* APIParamKeys.swift */; };
/* End PBXBuildFile section */

/* Begin PBXFileReference section */
		8441F89F2500858B00B4A2A0 /* DemoWeatherApp.app */ = {isa = PBXFileReference; explicitFileType = wrapper.application; includeInIndex = 0; path = DemoWeatherApp.app; sourceTree = BUILT_PRODUCTS_DIR; };
		8441F8A22500858B00B4A2A0 /* AppDelegate.swift */ = {isa = PBXFileReference; lastKnownFileType = sourcecode.swift; path = AppDelegate.swift; sourceTree = "<group>"; };
		8441F8A62500858B00B4A2A0 /* ViewController.swift */ = {isa = PBXFileReference; lastKnownFileType = sourcecode.swift; path = ViewController.swift; sourceTree = "<group>"; };
		8441F8A92500858B00B4A2A0 /* Base */ = {isa = PBXFileReference; lastKnownFileType = file.storyboard; name = Base; path = Base.lproj/Main.storyboard; sourceTree = "<group>"; };
		8441F8AB2500858F00B4A2A0 /* Assets.xcassets */ = {isa = PBXFileReference; lastKnownFileType = folder.assetcatalog; path = Assets.xcassets; sourceTree = "<group>"; };
		8441F8AE2500858F00B4A2A0 /* Base */ = {isa = PBXFileReference; lastKnownFileType = file.storyboard; name = Base; path = Base.lproj/LaunchScreen.storyboard; sourceTree = "<group>"; };
		8441F8B02500858F00B4A2A0 /* Info.plist */ = {isa = PBXFileReference; lastKnownFileType = text.plist.xml; path = Info.plist; sourceTree = "<group>"; };
		847F6ACE250234F1001C7944 /* WeatherInfoRequest.swift */ = {isa = PBXFileReference; fileEncoding = 4; lastKnownFileType = sourcecode.swift; path = WeatherInfoRequest.swift; sourceTree = "<group>"; };
		847F6AD0250234F1001C7944 /* APIService.swift */ = {isa = PBXFileReference; fileEncoding = 4; lastKnownFileType = sourcecode.swift; path = APIService.swift; sourceTree = "<group>"; };
		847F6AD425023501001C7944 /* FeelsLike.swift */ = {isa = PBXFileReference; fileEncoding = 4; lastKnownFileType = sourcecode.swift; path = FeelsLike.swift; sourceTree = "<group>"; };
		847F6AD525023501001C7944 /* Location.swift */ = {isa = PBXFileReference; fileEncoding = 4; lastKnownFileType = sourcecode.swift; path = Location.swift; sourceTree = "<group>"; };
		847F6AD625023501001C7944 /* Description.swift */ = {isa = PBXFileReference; fileEncoding = 4; lastKnownFileType = sourcecode.swift; path = Description.swift; sourceTree = "<group>"; };
		847F6AD725023501001C7944 /* Temp.swift */ = {isa = PBXFileReference; fileEncoding = 4; lastKnownFileType = sourcecode.swift; path = Temp.swift; sourceTree = "<group>"; };
		847F6AD825023501001C7944 /* Daily.swift */ = {isa = PBXFileReference; fileEncoding = 4; lastKnownFileType = sourcecode.swift; path = Daily.swift; sourceTree = "<group>"; };
		847F6AD925023501001C7944 /* Weather.swift */ = {isa = PBXFileReference; fileEncoding = 4; lastKnownFileType = sourcecode.swift; path = Weather.swift; sourceTree = "<group>"; };
		847F6ADA25023501001C7944 /* Current.swift */ = {isa = PBXFileReference; fileEncoding = 4; lastKnownFileType = sourcecode.swift; path = Current.swift; sourceTree = "<group>"; };
		847F6ADB25023501001C7944 /* Hourly.swift */ = {isa = PBXFileReference; fileEncoding = 4; lastKnownFileType = sourcecode.swift; path = Hourly.swift; sourceTree = "<group>"; };
		847F6AE625023537001C7944 /* TemparatureConverter.swift */ = {isa = PBXFileReference; fileEncoding = 4; lastKnownFileType = sourcecode.swift; path = TemparatureConverter.swift; sourceTree = "<group>"; };
		847F6AE925023568001C7944 /* LocationHelper.swift */ = {isa = PBXFileReference; fileEncoding = 4; lastKnownFileType = sourcecode.swift; path = LocationHelper.swift; sourceTree = "<group>"; };
		847F6AED25023FD1001C7944 /* Constant.swift */ = {isa = PBXFileReference; lastKnownFileType = sourcecode.swift; path = Constant.swift; sourceTree = "<group>"; };
		847F6AEF250249AA001C7944 /* APIPath.swift */ = {isa = PBXFileReference; lastKnownFileType = sourcecode.swift; path = APIPath.swift; sourceTree = "<group>"; };
		847F6AF12502504F001C7944 /* APIParamKeys.swift */ = {isa = PBXFileReference; lastKnownFileType = sourcecode.swift; path = APIParamKeys.swift; sourceTree = "<group>"; };
/* End PBXFileReference section */

/* Begin PBXFrameworksBuildPhase section */
		8441F89C2500858B00B4A2A0 /* Frameworks */ = {
			isa = PBXFrameworksBuildPhase;
			buildActionMask = 2147483647;
			files = (
			);
			runOnlyForDeploymentPostprocessing = 0;
		};
/* End PBXFrameworksBuildPhase section */

/* Begin PBXGroup section */
		8441F8962500858B00B4A2A0 = {
			isa = PBXGroup;
			children = (
				8441F8A12500858B00B4A2A0 /* DemoWeatherApp */,
				8441F8A02500858B00B4A2A0 /* Products */,
			);
			sourceTree = "<group>";
		};
		8441F8A02500858B00B4A2A0 /* Products */ = {
			isa = PBXGroup;
			children = (
				8441F89F2500858B00B4A2A0 /* DemoWeatherApp.app */,
			);
			name = Products;
			sourceTree = "<group>";
		};
		8441F8A12500858B00B4A2A0 /* DemoWeatherApp */ = {
			isa = PBXGroup;
			children = (
				847F6AEB25023F7C001C7944 /* Ultilties */,
				847F6AD325023501001C7944 /* Model */,
				847F6ACC250234F1001C7944 /* Data */,
				847F6ACB250234B6001C7944 /* ViewController */,
				8441F8A22500858B00B4A2A0 /* AppDelegate.swift */,
				8441F8A82500858B00B4A2A0 /* Main.storyboard */,
				8441F8AB2500858F00B4A2A0 /* Assets.xcassets */,
				8441F8AD2500858F00B4A2A0 /* LaunchScreen.storyboard */,
				8441F8B02500858F00B4A2A0 /* Info.plist */,
			);
			path = DemoWeatherApp;
			sourceTree = "<group>";
		};
		847F6ACB250234B6001C7944 /* ViewController */ = {
			isa = PBXGroup;
			children = (
				8441F8A62500858B00B4A2A0 /* ViewController.swift */,
			);
			path = ViewController;
			sourceTree = "<group>";
		};
		847F6ACC250234F1001C7944 /* Data */ = {
			isa = PBXGroup;
			children = (
				847F6ACD250234F1001C7944 /* Request */,
				847F6ACF250234F1001C7944 /* Service */,
			);
			path = Data;
			sourceTree = "<group>";
		};
		847F6ACD250234F1001C7944 /* Request */ = {
			isa = PBXGroup;
			children = (
				847F6ACE250234F1001C7944 /* WeatherInfoRequest.swift */,
			);
			path = Request;
			sourceTree = "<group>";
		};
		847F6ACF250234F1001C7944 /* Service */ = {
			isa = PBXGroup;
			children = (
				847F6AD0250234F1001C7944 /* APIService.swift */,
			);
			path = Service;
			sourceTree = "<group>";
		};
		847F6AD325023501001C7944 /* Model */ = {
			isa = PBXGroup;
			children = (
				847F6AD425023501001C7944 /* FeelsLike.swift */,
				847F6AD525023501001C7944 /* Location.swift */,
				847F6AD625023501001C7944 /* Description.swift */,
				847F6AD725023501001C7944 /* Temp.swift */,
				847F6AD825023501001C7944 /* Daily.swift */,
				847F6AD925023501001C7944 /* Weather.swift */,
				847F6ADA25023501001C7944 /* Current.swift */,
				847F6ADB25023501001C7944 /* Hourly.swift */,
			);
			path = Model;
			sourceTree = "<group>";
		};
		847F6AE425023537001C7944 /* Helper */ = {
			isa = PBXGroup;
			children = (
				847F6AE925023568001C7944 /* LocationHelper.swift */,
				847F6AE625023537001C7944 /* TemparatureConverter.swift */,
			);
			path = Helper;
			sourceTree = "<group>";
		};
		847F6AEB25023F7C001C7944 /* Ultilties */ = {
			isa = PBXGroup;
			children = (
				847F6AEC25023FB5001C7944 /* Constant */,
				847F6AE425023537001C7944 /* Helper */,
			);
			path = Ultilties;
			sourceTree = "<group>";
		};
		847F6AEC25023FB5001C7944 /* Constant */ = {
			isa = PBXGroup;
			children = (
				847F6AED25023FD1001C7944 /* Constant.swift */,
				847F6AEF250249AA001C7944 /* APIPath.swift */,
				847F6AF12502504F001C7944 /* APIParamKeys.swift */,
			);
			path = Constant;
			sourceTree = "<group>";
		};
/* End PBXGroup section */

/* Begin PBXNativeTarget section */
		8441F89E2500858B00B4A2A0 /* DemoWeatherApp */ = {
			isa = PBXNativeTarget;
			buildConfigurationList = 8441F8B32500858F00B4A2A0 /* Build configuration list for PBXNativeTarget "DemoWeatherApp" */;
			buildPhases = (
				8441F89B2500858B00B4A2A0 /* Sources */,
				8441F89C2500858B00B4A2A0 /* Frameworks */,
				8441F89D2500858B00B4A2A0 /* Resources */,
			);
			buildRules = (
			);
			dependencies = (
			);
			name = DemoWeatherApp;
			productName = DemoWeatherApp;
			productReference = 8441F89F2500858B00B4A2A0 /* DemoWeatherApp.app */;
			productType = "com.apple.product-type.application";
		};
/* End PBXNativeTarget section */

/* Begin PBXProject section */
		8441F8972500858B00B4A2A0 /* Project object */ = {
			isa = PBXProject;
			attributes = {
				LastSwiftUpdateCheck = 1160;
				LastUpgradeCheck = 1160;
				ORGANIZATIONNAME = quannh;
				TargetAttributes = {
					8441F89E2500858B00B4A2A0 = {
						CreatedOnToolsVersion = 11.6;
					};
				};
			};
			buildConfigurationList = 8441F89A2500858B00B4A2A0 /* Build configuration list for PBXProject "DemoWeatherApp" */;
			compatibilityVersion = "Xcode 9.3";
			developmentRegion = en;
			hasScannedForEncodings = 0;
			knownRegions = (
				en,
				Base,
			);
			mainGroup = 8441F8962500858B00B4A2A0;
			productRefGroup = 8441F8A02500858B00B4A2A0 /* Products */;
			projectDirPath = "";
			projectRoot = "";
			targets = (
				8441F89E2500858B00B4A2A0 /* DemoWeatherApp */,
			);
		};
/* End PBXProject section */

/* Begin PBXResourcesBuildPhase section */
		8441F89D2500858B00B4A2A0 /* Resources */ = {
			isa = PBXResourcesBuildPhase;
			buildActionMask = 2147483647;
			files = (
				8441F8AF2500858F00B4A2A0 /* LaunchScreen.storyboard in Resources */,
				8441F8AC2500858F00B4A2A0 /* Assets.xcassets in Resources */,
				8441F8AA2500858B00B4A2A0 /* Main.storyboard in Resources */,
			);
			runOnlyForDeploymentPostprocessing = 0;
		};
/* End PBXResourcesBuildPhase section */

/* Begin PBXSourcesBuildPhase section */
		8441F89B2500858B00B4A2A0 /* Sources */ = {
			isa = PBXSourcesBuildPhase;
			buildActionMask = 2147483647;
			files = (
				847F6AE225023501001C7944 /* Current.swift in Sources */,
				847F6AD1250234F1001C7944 /* WeatherInfoRequest.swift in Sources */,
				847F6AF22502504F001C7944 /* APIParamKeys.swift in Sources */,
				847F6AEE25023FD1001C7944 /* Constant.swift in Sources */,
				8441F8A72500858B00B4A2A0 /* ViewController.swift in Sources */,
				847F6ADC25023501001C7944 /* FeelsLike.swift in Sources */,
				847F6ADF25023501001C7944 /* Temp.swift in Sources */,
				847F6AE125023501001C7944 /* Weather.swift in Sources */,
				847F6AE325023501001C7944 /* Hourly.swift in Sources */,
				847F6ADE25023501001C7944 /* Description.swift in Sources */,
				847F6AD2250234F1001C7944 /* APIService.swift in Sources */,
				847F6AE825023537001C7944 /* TemparatureConverter.swift in Sources */,
				847F6ADD25023501001C7944 /* Location.swift in Sources */,
				8441F8A32500858B00B4A2A0 /* AppDelegate.swift in Sources */,
				847F6AEA25023568001C7944 /* LocationHelper.swift in Sources */,
				847F6AE025023501001C7944 /* Daily.swift in Sources */,
				847F6AF0250249AA001C7944 /* APIPath.swift in Sources */,
			);
			runOnlyForDeploymentPostprocessing = 0;
		};
/* End PBXSourcesBuildPhase section */

/* Begin PBXVariantGroup section */
		8441F8A82500858B00B4A2A0 /* Main.storyboard */ = {
			isa = PBXVariantGroup;
			children = (
				8441F8A92500858B00B4A2A0 /* Base */,
			);
			name = Main.storyboard;
			sourceTree = "<group>";
		};
		8441F8AD2500858F00B4A2A0 /* LaunchScreen.storyboard */ = {
			isa = PBXVariantGroup;
			children = (
				8441F8AE2500858F00B4A2A0 /* Base */,
			);
			name = LaunchScreen.storyboard;
			sourceTree = "<group>";
		};
/* End PBXVariantGroup section */

/* Begin XCBuildConfiguration section */
		8441F8B12500858F00B4A2A0 /* Debug */ = {
			isa = XCBuildConfiguration;
			buildSettings = {
				ALWAYS_SEARCH_USER_PATHS = NO;
				CLANG_ANALYZER_NONNULL = YES;
				CLANG_ANALYZER_NUMBER_OBJECT_CONVERSION = YES_AGGRESSIVE;
				CLANG_CXX_LANGUAGE_STANDARD = "gnu++14";
				CLANG_CXX_LIBRARY = "libc++";
				CLANG_ENABLE_MODULES = YES;
				CLANG_ENABLE_OBJC_ARC = YES;
				CLANG_ENABLE_OBJC_WEAK = YES;
				CLANG_WARN_BLOCK_CAPTURE_AUTORELEASING = YES;
				CLANG_WARN_BOOL_CONVERSION = YES;
				CLANG_WARN_COMMA = YES;
				CLANG_WARN_CONSTANT_CONVERSION = YES;
				CLANG_WARN_DEPRECATED_OBJC_IMPLEMENTATIONS = YES;
				CLANG_WARN_DIRECT_OBJC_ISA_USAGE = YES_ERROR;
				CLANG_WARN_DOCUMENTATION_COMMENTS = YES;
				CLANG_WARN_EMPTY_BODY = YES;
				CLANG_WARN_ENUM_CONVERSION = YES;
				CLANG_WARN_INFINITE_RECURSION = YES;
				CLANG_WARN_INT_CONVERSION = YES;
				CLANG_WARN_NON_LITERAL_NULL_CONVERSION = YES;
				CLANG_WARN_OBJC_IMPLICIT_RETAIN_SELF = YES;
				CLANG_WARN_OBJC_LITERAL_CONVERSION = YES;
				CLANG_WARN_OBJC_ROOT_CLASS = YES_ERROR;
				CLANG_WARN_RANGE_LOOP_ANALYSIS = YES;
				CLANG_WARN_STRICT_PROTOTYPES = YES;
				CLANG_WARN_SUSPICIOUS_MOVE = YES;
				CLANG_WARN_UNGUARDED_AVAILABILITY = YES_AGGRESSIVE;
				CLANG_WARN_UNREACHABLE_CODE = YES;
				CLANG_WARN__DUPLICATE_METHOD_MATCH = YES;
				COPY_PHASE_STRIP = NO;
				DEBUG_INFORMATION_FORMAT = dwarf;
				ENABLE_STRICT_OBJC_MSGSEND = YES;
				ENABLE_TESTABILITY = YES;
				GCC_C_LANGUAGE_STANDARD = gnu11;
				GCC_DYNAMIC_NO_PIC = NO;
				GCC_NO_COMMON_BLOCKS = YES;
				GCC_OPTIMIZATION_LEVEL = 0;
				GCC_PREPROCESSOR_DEFINITIONS = (
					"DEBUG=1",
					"$(inherited)",
				);
				GCC_WARN_64_TO_32_BIT_CONVERSION = YES;
				GCC_WARN_ABOUT_RETURN_TYPE = YES_ERROR;
				GCC_WARN_UNDECLARED_SELECTOR = YES;
				GCC_WARN_UNINITIALIZED_AUTOS = YES_AGGRESSIVE;
				GCC_WARN_UNUSED_FUNCTION = YES;
				GCC_WARN_UNUSED_VARIABLE = YES;
				IPHONEOS_DEPLOYMENT_TARGET = 13.6;
				MTL_ENABLE_DEBUG_INFO = INCLUDE_SOURCE;
				MTL_FAST_MATH = YES;
				ONLY_ACTIVE_ARCH = YES;
				SDKROOT = iphoneos;
				SWIFT_ACTIVE_COMPILATION_CONDITIONS = DEBUG;
				SWIFT_OPTIMIZATION_LEVEL = "-Onone";
			};
			name = Debug;
		};
		8441F8B22500858F00B4A2A0 /* Release */ = {
			isa = XCBuildConfiguration;
			buildSettings = {
				ALWAYS_SEARCH_USER_PATHS = NO;
				CLANG_ANALYZER_NONNULL = YES;
				CLANG_ANALYZER_NUMBER_OBJECT_CONVERSION = YES_AGGRESSIVE;
				CLANG_CXX_LANGUAGE_STANDARD = "gnu++14";
				CLANG_CXX_LIBRARY = "libc++";
				CLANG_ENABLE_MODULES = YES;
				CLANG_ENABLE_OBJC_ARC = YES;
				CLANG_ENABLE_OBJC_WEAK = YES;
				CLANG_WARN_BLOCK_CAPTURE_AUTORELEASING = YES;
				CLANG_WARN_BOOL_CONVERSION = YES;
				CLANG_WARN_COMMA = YES;
				CLANG_WARN_CONSTANT_CONVERSION = YES;
				CLANG_WARN_DEPRECATED_OBJC_IMPLEMENTATIONS = YES;
				CLANG_WARN_DIRECT_OBJC_ISA_USAGE = YES_ERROR;
				CLANG_WARN_DOCUMENTATION_COMMENTS = YES;
				CLANG_WARN_EMPTY_BODY = YES;
				CLANG_WARN_ENUM_CONVERSION = YES;
				CLANG_WARN_INFINITE_RECURSION = YES;
				CLANG_WARN_INT_CONVERSION = YES;
				CLANG_WARN_NON_LITERAL_NULL_CONVERSION = YES;
				CLANG_WARN_OBJC_IMPLICIT_RETAIN_SELF = YES;
				CLANG_WARN_OBJC_LITERAL_CONVERSION = YES;
				CLANG_WARN_OBJC_ROOT_CLASS = YES_ERROR;
				CLANG_WARN_RANGE_LOOP_ANALYSIS = YES;
				CLANG_WARN_STRICT_PROTOTYPES = YES;
				CLANG_WARN_SUSPICIOUS_MOVE = YES;
				CLANG_WARN_UNGUARDED_AVAILABILITY = YES_AGGRESSIVE;
				CLANG_WARN_UNREACHABLE_CODE = YES;
				CLANG_WARN__DUPLICATE_METHOD_MATCH = YES;
				COPY_PHASE_STRIP = NO;
				DEBUG_INFORMATION_FORMAT = "dwarf-with-dsym";
				ENABLE_NS_ASSERTIONS = NO;
				ENABLE_STRICT_OBJC_MSGSEND = YES;
				GCC_C_LANGUAGE_STANDARD = gnu11;
				GCC_NO_COMMON_BLOCKS = YES;
				GCC_WARN_64_TO_32_BIT_CONVERSION = YES;
				GCC_WARN_ABOUT_RETURN_TYPE = YES_ERROR;
				GCC_WARN_UNDECLARED_SELECTOR = YES;
				GCC_WARN_UNINITIALIZED_AUTOS = YES_AGGRESSIVE;
				GCC_WARN_UNUSED_FUNCTION = YES;
				GCC_WARN_UNUSED_VARIABLE = YES;
				IPHONEOS_DEPLOYMENT_TARGET = 13.6;
				MTL_ENABLE_DEBUG_INFO = NO;
				MTL_FAST_MATH = YES;
				SDKROOT = iphoneos;
				SWIFT_COMPILATION_MODE = wholemodule;
				SWIFT_OPTIMIZATION_LEVEL = "-O";
				VALIDATE_PRODUCT = YES;
			};
			name = Release;
		};
		8441F8B42500858F00B4A2A0 /* Debug */ = {
			isa = XCBuildConfiguration;
			buildSettings = {
				ASSETCATALOG_COMPILER_APPICON_NAME = AppIcon;
				CODE_SIGN_STYLE = Automatic;
				DEVELOPMENT_TEAM = 6A5Q78PXHC;
				INFOPLIST_FILE = DemoWeatherApp/Info.plist;
				IPHONEOS_DEPLOYMENT_TARGET = 11.0;
				LD_RUNPATH_SEARCH_PATHS = (
					"$(inherited)",
					"@executable_path/Frameworks",
				);
				PRODUCT_BUNDLE_IDENTIFIER = com.macos.DemoWeatherApp;
				PRODUCT_NAME = "$(TARGET_NAME)";
				SWIFT_VERSION = 5.0;
				TARGETED_DEVICE_FAMILY = "1,2";
			};
			name = Debug;
		};
		8441F8B52500858F00B4A2A0 /* Release */ = {
			isa = XCBuildConfiguration;
			buildSettings = {
				ASSETCATALOG_COMPILER_APPICON_NAME = AppIcon;
				CODE_SIGN_STYLE = Automatic;
				DEVELOPMENT_TEAM = 6A5Q78PXHC;
				INFOPLIST_FILE = DemoWeatherApp/Info.plist;
				IPHONEOS_DEPLOYMENT_TARGET = 11.0;
				LD_RUNPATH_SEARCH_PATHS = (
					"$(inherited)",
					"@executable_path/Frameworks",
				);
				PRODUCT_BUNDLE_IDENTIFIER = com.macos.DemoWeatherApp;
				PRODUCT_NAME = "$(TARGET_NAME)";
				SWIFT_VERSION = 5.0;
				TARGETED_DEVICE_FAMILY = "1,2";
			};
			name = Release;
		};
/* End XCBuildConfiguration section */

/* Begin XCConfigurationList section */
		8441F89A2500858B00B4A2A0 /* Build configuration list for PBXProject "DemoWeatherApp" */ = {
			isa = XCConfigurationList;
			buildConfigurations = (
				8441F8B12500858F00B4A2A0 /* Debug */,
				8441F8B22500858F00B4A2A0 /* Release */,
			);
			defaultConfigurationIsVisible = 0;
			defaultConfigurationName = Release;
		};
		8441F8B32500858F00B4A2A0 /* Build configuration list for PBXNativeTarget "DemoWeatherApp" */ = {
			isa = XCConfigurationList;
			buildConfigurations = (
				8441F8B42500858F00B4A2A0 /* Debug */,
				8441F8B52500858F00B4A2A0 /* Release */,
			);
			defaultConfigurationIsVisible = 0;
			defaultConfigurationName = Release;
		};
/* End XCConfigurationList section */
	};
	rootObject = 8441F8972500858B00B4A2A0 /* Project object */;
}
